
Microsoft Visual Studio Solution File, Format Version 12.00
# Visual Studio Version 17
VisualStudioVersion = 17.0.31903.59
MinimumVisualStudioVersion = 10.0.40219.1
Project("{2150E333-8FDC-42A3-9474-1A3956D46DE8}") = "src", "src", "{2F5CEFAE-BE25-4968-9266-2C618EA3E925}"
EndProject
Project("{9A19103F-16F7-4668-BE54-9A1E7A4F7556}") = "LearningPortal.Domain", "src\LearningPortal.Domain\LearningPortal.Domain.csproj", "{9FF4920C-A624-47B2-896E-B29E40860EC8}"
EndProject
Project("{9A19103F-16F7-4668-BE54-9A1E7A4F7556}") = "LearningPortal.Data", "src\LearningPortal.Data\LearningPortal.Data.csproj", "{B698EC30-1263-4881-8FA1-067319CA64D0}"
EndProject
Project("{9A19103F-16F7-4668-BE54-9A1E7A4F7556}") = "LearningPortal.Mediator", "src\LearningPortal.Mediator\LearningPortal.Mediator.csproj", "{536151F8-82C8-4D98-BFA8-0DB65B670F3E}"
EndProject
Project("{9A19103F-16F7-4668-BE54-9A1E7A4F7556}") = "LearningPortal.Api", "src\LearningPortal.Api\LearningPortal.Api.csproj", "{BABDC0D8-A667-4BAE-8348-FBFA6075E558}"
EndProject
Project("{2150E333-8FDC-42A3-9474-1A3956D46DE8}") = "tests", "tests", "{329826A9-CAD9-45F0-9AD7-0B853A873616}"
EndProject
Project("{9A19103F-16F7-4668-BE54-9A1E7A4F7556}") = "LearningPortal.Domain.Tests", "tests\LearningPortal.Domain.Tests\LearningPortal.Domain.Tests.csproj", "{005FC4F9-E9F4-41FF-9E7B-6B54B7949A4C}"
EndProject
Project("{9A19103F-16F7-4668-BE54-9A1E7A4F7556}") = "LearningPortal.Data.Tests", "tests\LearningPortal.Data.Tests\LearningPortal.Data.Tests.csproj", "{42FD56EA-26B4-48B9-A779-DE717DF28EAB}"
EndProject
Project("{9A19103F-16F7-4668-BE54-9A1E7A4F7556}") = "LearningPortal.Mediator.Tests", "tests\LearningPortal.Mediator.Tests\LearningPortal.Mediator.Tests.csproj", "{D38B9BCF-B6B4-4415-B42D-67BA540052C3}"
EndProject
Project("{9A19103F-16F7-4668-BE54-9A1E7A4F7556}") = "LearningPortal.Api.Tests", "tests\LearningPortal.Api.Tests\LearningPortal.Api.Tests.csproj", "{8792A5D7-46FC-4143-A42E-1BBC663E85F5}"
EndProject
Project("{9A19103F-16F7-4668-BE54-9A1E7A4F7556}") = "LearningPortal.BlazorServerApp", "src\LearningPortal.BlazorServerApp\LearningPortal.BlazorServerApp.csproj", "{CFDB008A-43C4-4455-8291-ADA701B682C5}"
EndProject
Project("{00D1A9C2-B5F0-4AF3-8072-F6C62B433612}") = "LearningPortal.SqlServerDatabase", "src\LearningPortal.SqlServerDatabase\LearningPortal.SqlServerDatabase.sqlproj", "{A9CF4A6D-A007-4B70-8DF9-7422D743005E}"
EndProject
Global
	GlobalSection(SolutionConfigurationPlatforms) = preSolution
		Debug|Any CPU = Debug|Any CPU
		Release|Any CPU = Release|Any CPU
	EndGlobalSection
	GlobalSection(ProjectConfigurationPlatforms) = postSolution
		{9FF4920C-A624-47B2-896E-B29E40860EC8}.Debug|Any CPU.ActiveCfg = Debug|Any CPU
		{9FF4920C-A624-47B2-896E-B29E40860EC8}.Debug|Any CPU.Build.0 = Debug|Any CPU
		{9FF4920C-A624-47B2-896E-B29E40860EC8}.Release|Any CPU.ActiveCfg = Release|Any CPU
		{9FF4920C-A624-47B2-896E-B29E40860EC8}.Release|Any CPU.Build.0 = Release|Any CPU
		{B698EC30-1263-4881-8FA1-067319CA64D0}.Debug|Any CPU.ActiveCfg = Debug|Any CPU
		{B698EC30-1263-4881-8FA1-067319CA64D0}.Debug|Any CPU.Build.0 = Debug|Any CPU
		{B698EC30-1263-4881-8FA1-067319CA64D0}.Release|Any CPU.ActiveCfg = Release|Any CPU
		{B698EC30-1263-4881-8FA1-067319CA64D0}.Release|Any CPU.Build.0 = Release|Any CPU
		{536151F8-82C8-4D98-BFA8-0DB65B670F3E}.Debug|Any CPU.ActiveCfg = Debug|Any CPU
		{536151F8-82C8-4D98-BFA8-0DB65B670F3E}.Debug|Any CPU.Build.0 = Debug|Any CPU
		{536151F8-82C8-4D98-BFA8-0DB65B670F3E}.Release|Any CPU.ActiveCfg = Release|Any CPU
		{536151F8-82C8-4D98-BFA8-0DB65B670F3E}.Release|Any CPU.Build.0 = Release|Any CPU
		{BABDC0D8-A667-4BAE-8348-FBFA6075E558}.Debug|Any CPU.ActiveCfg = Debug|Any CPU
		{BABDC0D8-A667-4BAE-8348-FBFA6075E558}.Debug|Any CPU.Build.0 = Debug|Any CPU
		{BABDC0D8-A667-4BAE-8348-FBFA6075E558}.Release|Any CPU.ActiveCfg = Release|Any CPU
		{BABDC0D8-A667-4BAE-8348-FBFA6075E558}.Release|Any CPU.Build.0 = Release|Any CPU
		{005FC4F9-E9F4-41FF-9E7B-6B54B7949A4C}.Debug|Any CPU.ActiveCfg = Debug|Any CPU
		{005FC4F9-E9F4-41FF-9E7B-6B54B7949A4C}.Debug|Any CPU.Build.0 = Debug|Any CPU
		{005FC4F9-E9F4-41FF-9E7B-6B54B7949A4C}.Release|Any CPU.ActiveCfg = Release|Any CPU
		{005FC4F9-E9F4-41FF-9E7B-6B54B7949A4C}.Release|Any CPU.Build.0 = Release|Any CPU
		{42FD56EA-26B4-48B9-A779-DE717DF28EAB}.Debug|Any CPU.ActiveCfg = Debug|Any CPU
		{42FD56EA-26B4-48B9-A779-DE717DF28EAB}.Debug|Any CPU.Build.0 = Debug|Any CPU
		{42FD56EA-26B4-48B9-A779-DE717DF28EAB}.Release|Any CPU.ActiveCfg = Release|Any CPU
		{42FD56EA-26B4-48B9-A779-DE717DF28EAB}.Release|Any CPU.Build.0 = Release|Any CPU
		{D38B9BCF-B6B4-4415-B42D-67BA540052C3}.Debug|Any CPU.ActiveCfg = Debug|Any CPU
		{D38B9BCF-B6B4-4415-B42D-67BA540052C3}.Debug|Any CPU.Build.0 = Debug|Any CPU
		{D38B9BCF-B6B4-4415-B42D-67BA540052C3}.Release|Any CPU.ActiveCfg = Release|Any CPU
		{D38B9BCF-B6B4-4415-B42D-67BA540052C3}.Release|Any CPU.Build.0 = Release|Any CPU
		{8792A5D7-46FC-4143-A42E-1BBC663E85F5}.Debug|Any CPU.ActiveCfg = Debug|Any CPU
		{8792A5D7-46FC-4143-A42E-1BBC663E85F5}.Debug|Any CPU.Build.0 = Debug|Any CPU
		{8792A5D7-46FC-4143-A42E-1BBC663E85F5}.Release|Any CPU.ActiveCfg = Release|Any CPU
		{8792A5D7-46FC-4143-A42E-1BBC663E85F5}.Release|Any CPU.Build.0 = Release|Any CPU
		{CFDB008A-43C4-4455-8291-ADA701B682C5}.Debug|Any CPU.ActiveCfg = Debug|Any CPU
		{CFDB008A-43C4-4455-8291-ADA701B682C5}.Debug|Any CPU.Build.0 = Debug|Any CPU
		{CFDB008A-43C4-4455-8291-ADA701B682C5}.Release|Any CPU.ActiveCfg = Release|Any CPU
		{CFDB008A-43C4-4455-8291-ADA701B682C5}.Release|Any CPU.Build.0 = Release|Any CPU
		{A9CF4A6D-A007-4B70-8DF9-7422D743005E}.Debug|Any CPU.ActiveCfg = Debug|Any CPU
		{A9CF4A6D-A007-4B70-8DF9-7422D743005E}.Debug|Any CPU.Build.0 = Debug|Any CPU
		{A9CF4A6D-A007-4B70-8DF9-7422D743005E}.Debug|Any CPU.Deploy.0 = Debug|Any CPU
		{A9CF4A6D-A007-4B70-8DF9-7422D743005E}.Release|Any CPU.ActiveCfg = Release|Any CPU
		{A9CF4A6D-A007-4B70-8DF9-7422D743005E}.Release|Any CPU.Build.0 = Release|Any CPU
		{A9CF4A6D-A007-4B70-8DF9-7422D743005E}.Release|Any CPU.Deploy.0 = Release|Any CPU
	EndGlobalSection
	GlobalSection(SolutionProperties) = preSolution
		HideSolutionNode = FALSE
	EndGlobalSection
	GlobalSection(NestedProjects) = preSolution
		{9FF4920C-A624-47B2-896E-B29E40860EC8} = {2F5CEFAE-BE25-4968-9266-2C618EA3E925}
		{B698EC30-1263-4881-8FA1-067319CA64D0} = {2F5CEFAE-BE25-4968-9266-2C618EA3E925}
		{536151F8-82C8-4D98-BFA8-0DB65B670F3E} = {2F5CEFAE-BE25-4968-9266-2C618EA3E925}
		{BABDC0D8-A667-4BAE-8348-FBFA6075E558} = {2F5CEFAE-BE25-4968-9266-2C618EA3E925}
		{005FC4F9-E9F4-41FF-9E7B-6B54B7949A4C} = {329826A9-CAD9-45F0-9AD7-0B853A873616}
		{42FD56EA-26B4-48B9-A779-DE717DF28EAB} = {329826A9-CAD9-45F0-9AD7-0B853A873616}
		{D38B9BCF-B6B4-4415-B42D-67BA540052C3} = {329826A9-CAD9-45F0-9AD7-0B853A873616}
		{8792A5D7-46FC-4143-A42E-1BBC663E85F5} = {329826A9-CAD9-45F0-9AD7-0B853A873616}
		{CFDB008A-43C4-4455-8291-ADA701B682C5} = {2F5CEFAE-BE25-4968-9266-2C618EA3E925}
		{A9CF4A6D-A007-4B70-8DF9-7422D743005E} = {2F5CEFAE-BE25-4968-9266-2C618EA3E925}
	EndGlobalSection
	GlobalSection(ExtensibilityGlobals) = postSolution
		SolutionGuid = {477F7281-CFAA-469F-AD1B-09BB80549392}
	EndGlobalSection
EndGlobal
